
Microsoft Visual Studio Solution File, Format Version 12.00
# Visual Studio 15
VisualStudioVersion = 15.0.26730.12
MinimumVisualStudioVersion = 10.0.40219.1
Project("{FAE04EC0-301F-11D3-BF4B-00C04F79EFBC}") = "HomepageCarousel", "WebApplication5\HomepageCarousel.csproj", "{F00A13C2-B172-43CE-9D2B-C94698A5E382}"
EndProject
Global
	GlobalSection(SolutionConfigurationPlatforms) = preSolution
		Debug|Any CPU = Debug|Any CPU
		Release|Any CPU = Release|Any CPU
	EndGlobalSection
	GlobalSection(ProjectConfigurationPlatforms) = postSolution
		{F00A13C2-B172-43CE-9D2B-C94698A5E382}.Debug|Any CPU.ActiveCfg = Debug|Any CPU
		{F00A13C2-B172-43CE-9D2B-C94698A5E382}.Debug|Any CPU.Build.0 = Debug|Any CPU
		{F00A13C2-B172-43CE-9D2B-C94698A5E382}.Release|Any CPU.ActiveCfg = Release|Any CPU
		{F00A13C2-B172-43CE-9D2B-C94698A5E382}.Release|Any CPU.Build.0 = Release|Any CPU
	EndGlobalSection
	GlobalSection(SolutionProperties) = preSolution
		HideSolutionNode = FALSE
	EndGlobalSection
	GlobalSection(ExtensibilityGlobals) = postSolution
		SolutionGuid = {A08DE982-C828-4BC6-A8DE-3E51A1C90A6C}
		LessCompiler = f00a13c2-b172-43ce-9d2b-c94698a5e382
	EndGlobalSection
EndGlobal
